// !$*UTF8*$!
{
	archiveVersion = 1;
	classes = {
	};
	objectVersion = 50;
	objects = {

/* Begin PBXBuildFile section */
		04E063D323A9A9F100B74530 /* AppDelegate.swift in Sources */ = {isa = PBXBuildFile; fileRef = 04E063D223A9A9F100B74530 /* AppDelegate.swift */; };
		04E063D523A9A9F100B74530 /* SceneDelegate.swift in Sources */ = {isa = PBXBuildFile; fileRef = 04E063D423A9A9F100B74530 /* SceneDelegate.swift */; };
		04E063D723A9A9F100B74530 /* ContentView.swift in Sources */ = {isa = PBXBuildFile; fileRef = 04E063D623A9A9F100B74530 /* ContentView.swift */; };
		04E063D923A9A9F300B74530 /* Assets.xcassets in Resources */ = {isa = PBXBuildFile; fileRef = 04E063D823A9A9F300B74530 /* Assets.xcassets */; };
		04E063DC23A9A9F300B74530 /* Preview Assets.xcassets in Resources */ = {isa = PBXBuildFile; fileRef = 04E063DB23A9A9F300B74530 /* Preview Assets.xcassets */; };
		04E063DF23A9A9F300B74530 /* LaunchScreen.storyboard in Resources */ = {isa = PBXBuildFile; fileRef = 04E063DD23A9A9F300B74530 /* LaunchScreen.storyboard */; };
		04E063EA23A9A9F300B74530 /* SwiftUI_WeSplitTests.swift in Sources */ = {isa = PBXBuildFile; fileRef = 04E063E923A9A9F300B74530 /* SwiftUI_WeSplitTests.swift */; };
		04E063F523A9A9F300B74530 /* SwiftUI_WeSplitUITests.swift in Sources */ = {isa = PBXBuildFile; fileRef = 04E063F423A9A9F300B74530 /* SwiftUI_WeSplitUITests.swift */; };
/* End PBXBuildFile section */

/* Begin PBXContainerItemProxy section */
		04E063E623A9A9F300B74530 /* PBXContainerItemProxy */ = {
			isa = PBXContainerItemProxy;
			containerPortal = 04E063C723A9A9F100B74530 /* Project object */;
			proxyType = 1;
			remoteGlobalIDString = 04E063CE23A9A9F100B74530;
			remoteInfo = "SwiftUI WeSplit";
		};
		04E063F123A9A9F300B74530 /* PBXContainerItemProxy */ = {
			isa = PBXContainerItemProxy;
			containerPortal = 04E063C723A9A9F100B74530 /* Project object */;
			proxyType = 1;
			remoteGlobalIDString = 04E063CE23A9A9F100B74530;
			remoteInfo = "SwiftUI WeSplit";
		};
/* End PBXContainerItemProxy section */

/* Begin PBXFileReference section */
		04E063CF23A9A9F100B74530 /* SwiftUI WeSplit.app */ = {isa = PBXFileReference; explicitFileType = wrapper.application; includeInIndex = 0; path = "SwiftUI WeSplit.app"; sourceTree = BUILT_PRODUCTS_DIR; };
		04E063D223A9A9F100B74530 /* AppDelegate.swift */ = {isa = PBXFileReference; lastKnownFileType = sourcecode.swift; path = AppDelegate.swift; sourceTree = "<group>"; };
		04E063D423A9A9F100B74530 /* SceneDelegate.swift */ = {isa = PBXFileReference; lastKnownFileType = sourcecode.swift; path = SceneDelegate.swift; sourceTree = "<group>"; };
		04E063D623A9A9F100B74530 /* ContentView.swift */ = {isa = PBXFileReference; lastKnownFileType = sourcecode.swift; path = ContentView.swift; sourceTree = "<group>"; };
		04E063D823A9A9F300B74530 /* Assets.xcassets */ = {isa = PBXFileReference; lastKnownFileType = folder.assetcatalog; path = Assets.xcassets; sourceTree = "<group>"; };
		04E063DB23A9A9F300B74530 /* Preview Assets.xcassets */ = {isa = PBXFileReference; lastKnownFileType = folder.assetcatalog; path = "Preview Assets.xcassets"; sourceTree = "<group>"; };
		04E063DE23A9A9F300B74530 /* Base */ = {isa = PBXFileReference; lastKnownFileType = file.storyboard; name = Base; path = Base.lproj/LaunchScreen.storyboard; sourceTree = "<group>"; };
		04E063E023A9A9F300B74530 /* Info.plist */ = {isa = PBXFileReference; lastKnownFileType = text.plist.xml; path = Info.plist; sourceTree = "<group>"; };
		04E063E523A9A9F300B74530 /* SwiftUI WeSplitTests.xctest */ = {isa = PBXFileReference; explicitFileType = wrapper.cfbundle; includeInIndex = 0; path = "SwiftUI WeSplitTests.xctest"; sourceTree = BUILT_PRODUCTS_DIR; };
		04E063E923A9A9F300B74530 /* SwiftUI_WeSplitTests.swift */ = {isa = PBXFileReference; lastKnownFileType = sourcecode.swift; path = SwiftUI_WeSplitTests.swift; sourceTree = "<group>"; };
		04E063EB23A9A9F300B74530 /* Info.plist */ = {isa = PBXFileReference; lastKnownFileType = text.plist.xml; path = Info.plist; sourceTree = "<group>"; };
		04E063F023A9A9F300B74530 /* SwiftUI WeSplitUITests.xctest */ = {isa = PBXFileReference; explicitFileType = wrapper.cfbundle; includeInIndex = 0; path = "SwiftUI WeSplitUITests.xctest"; sourceTree = BUILT_PRODUCTS_DIR; };
		04E063F423A9A9F300B74530 /* SwiftUI_WeSplitUITests.swift */ = {isa = PBXFileReference; lastKnownFileType = sourcecode.swift; path = SwiftUI_WeSplitUITests.swift; sourceTree = "<group>"; };
		04E063F623A9A9F300B74530 /* Info.plist */ = {isa = PBXFileReference; lastKnownFileType = text.plist.xml; path = Info.plist; sourceTree = "<group>"; };
/* End PBXFileReference section */

/* Begin PBXFrameworksBuildPhase section */
		04E063CC23A9A9F100B74530 /* Frameworks */ = {
			isa = PBXFrameworksBuildPhase;
			buildActionMask = 2147483647;
			files = (
			);
			runOnlyForDeploymentPostprocessing = 0;
		};
		04E063E223A9A9F300B74530 /* Frameworks */ = {
			isa = PBXFrameworksBuildPhase;
			buildActionMask = 2147483647;
			files = (
			);
			runOnlyForDeploymentPostprocessing = 0;
		};
		04E063ED23A9A9F300B74530 /* Frameworks */ = {
			isa = PBXFrameworksBuildPhase;
			buildActionMask = 2147483647;
			files = (
			);
			runOnlyForDeploymentPostprocessing = 0;
		};
/* End PBXFrameworksBuildPhase section */

/* Begin PBXGroup section */
		04E063C623A9A9F100B74530 = {
			isa = PBXGroup;
			children = (
				04E063D123A9A9F100B74530 /* SwiftUI WeSplit */,
				04E063E823A9A9F300B74530 /* SwiftUI WeSplitTests */,
				04E063F323A9A9F300B74530 /* SwiftUI WeSplitUITests */,
				04E063D023A9A9F100B74530 /* Products */,
			);
			sourceTree = "<group>";
		};
		04E063D023A9A9F100B74530 /* Products */ = {
			isa = PBXGroup;
			children = (
				04E063CF23A9A9F100B74530 /* SwiftUI WeSplit.app */,
				04E063E523A9A9F300B74530 /* SwiftUI WeSplitTests.xctest */,
				04E063F023A9A9F300B74530 /* SwiftUI WeSplitUITests.xctest */,
			);
			name = Products;
			sourceTree = "<group>";
		};
		04E063D123A9A9F100B74530 /* SwiftUI WeSplit */ = {
			isa = PBXGroup;
			children = (
				04E063D223A9A9F100B74530 /* AppDelegate.swift */,
				04E063D423A9A9F100B74530 /* SceneDelegate.swift */,
				04E063D623A9A9F100B74530 /* ContentView.swift */,
				04E063D823A9A9F300B74530 /* Assets.xcassets */,
				04E063DD23A9A9F300B74530 /* LaunchScreen.storyboard */,
				04E063E023A9A9F300B74530 /* Info.plist */,
				04E063DA23A9A9F300B74530 /* Preview Content */,
			);
			path = "SwiftUI WeSplit";
			sourceTree = "<group>";
		};
		04E063DA23A9A9F300B74530 /* Preview Content */ = {
			isa = PBXGroup;
			children = (
				04E063DB23A9A9F300B74530 /* Preview Assets.xcassets */,
			);
			path = "Preview Content";
			sourceTree = "<group>";
		};
		04E063E823A9A9F300B74530 /* SwiftUI WeSplitTests */ = {
			isa = PBXGroup;
			children = (
				04E063E923A9A9F300B74530 /* SwiftUI_WeSplitTests.swift */,
				04E063EB23A9A9F300B74530 /* Info.plist */,
			);
			path = "SwiftUI WeSplitTests";
			sourceTree = "<group>";
		};
		04E063F323A9A9F300B74530 /* SwiftUI WeSplitUITests */ = {
			isa = PBXGroup;
			children = (
				04E063F423A9A9F300B74530 /* SwiftUI_WeSplitUITests.swift */,
				04E063F623A9A9F300B74530 /* Info.plist */,
			);
			path = "SwiftUI WeSplitUITests";
			sourceTree = "<group>";
		};
/* End PBXGroup section */

/* Begin PBXNativeTarget section */
		04E063CE23A9A9F100B74530 /* SwiftUI WeSplit */ = {
			isa = PBXNativeTarget;
			buildConfigurationList = 04E063F923A9A9F300B74530 /* Build configuration list for PBXNativeTarget "SwiftUI WeSplit" */;
			buildPhases = (
				04E063CB23A9A9F100B74530 /* Sources */,
				04E063CC23A9A9F100B74530 /* Frameworks */,
				04E063CD23A9A9F100B74530 /* Resources */,
			);
			buildRules = (
			);
			dependencies = (
			);
			name = "SwiftUI WeSplit";
			productName = "SwiftUI WeSplit";
			productReference = 04E063CF23A9A9F100B74530 /* SwiftUI WeSplit.app */;
			productType = "com.apple.product-type.application";
		};
		04E063E423A9A9F300B74530 /* SwiftUI WeSplitTests */ = {
			isa = PBXNativeTarget;
			buildConfigurationList = 04E063FC23A9A9F300B74530 /* Build configuration list for PBXNativeTarget "SwiftUI WeSplitTests" */;
			buildPhases = (
				04E063E123A9A9F300B74530 /* Sources */,
				04E063E223A9A9F300B74530 /* Frameworks */,
				04E063E323A9A9F300B74530 /* Resources */,
			);
			buildRules = (
			);
			dependencies = (
				04E063E723A9A9F300B74530 /* PBXTargetDependency */,
			);
			name = "SwiftUI WeSplitTests";
			productName = "SwiftUI WeSplitTests";
			productReference = 04E063E523A9A9F300B74530 /* SwiftUI WeSplitTests.xctest */;
			productType = "com.apple.product-type.bundle.unit-test";
		};
		04E063EF23A9A9F300B74530 /* SwiftUI WeSplitUITests */ = {
			isa = PBXNativeTarget;
			buildConfigurationList = 04E063FF23A9A9F300B74530 /* Build configuration list for PBXNativeTarget "SwiftUI WeSplitUITests" */;
			buildPhases = (
				04E063EC23A9A9F300B74530 /* Sources */,
				04E063ED23A9A9F300B74530 /* Frameworks */,
				04E063EE23A9A9F300B74530 /* Resources */,
			);
			buildRules = (
			);
			dependencies = (
				04E063F223A9A9F300B74530 /* PBXTargetDependency */,
			);
			name = "SwiftUI WeSplitUITests";
			productName = "SwiftUI WeSplitUITests";
			productReference = 04E063F023A9A9F300B74530 /* SwiftUI WeSplitUITests.xctest */;
			productType = "com.apple.product-type.bundle.ui-testing";
		};
/* End PBXNativeTarget section */

/* Begin PBXProject section */
		04E063C723A9A9F100B74530 /* Project object */ = {
			isa = PBXProject;
			attributes = {
				LastSwiftUpdateCheck = 1130;
				LastUpgradeCheck = 1130;
				ORGANIZATIONNAME = "Aditya Gupta";
				TargetAttributes = {
					04E063CE23A9A9F100B74530 = {
						CreatedOnToolsVersion = 11.3;
					};
					04E063E423A9A9F300B74530 = {
						CreatedOnToolsVersion = 11.3;
						TestTargetID = 04E063CE23A9A9F100B74530;
					};
					04E063EF23A9A9F300B74530 = {
						CreatedOnToolsVersion = 11.3;
						TestTargetID = 04E063CE23A9A9F100B74530;
					};
				};
			};
			buildConfigurationList = 04E063CA23A9A9F100B74530 /* Build configuration list for PBXProject "SwiftUI WeSplit" */;
			compatibilityVersion = "Xcode 9.3";
			developmentRegion = en;
			hasScannedForEncodings = 0;
			knownRegions = (
				en,
				Base,
			);
			mainGroup = 04E063C623A9A9F100B74530;
			productRefGroup = 04E063D023A9A9F100B74530 /* Products */;
			projectDirPath = "";
			projectRoot = "";
			targets = (
				04E063CE23A9A9F100B74530 /* SwiftUI WeSplit */,
				04E063E423A9A9F300B74530 /* SwiftUI WeSplitTests */,
				04E063EF23A9A9F300B74530 /* SwiftUI WeSplitUITests */,
			);
		};
/* End PBXProject section */

/* Begin PBXResourcesBuildPhase section */
		04E063CD23A9A9F100B74530 /* Resources */ = {
			isa = PBXResourcesBuildPhase;
			buildActionMask = 2147483647;
			files = (
				04E063DF23A9A9F300B74530 /* LaunchScreen.storyboard in Resources */,
				04E063DC23A9A9F300B74530 /* Preview Assets.xcassets in Resources */,
				04E063D923A9A9F300B74530 /* Assets.xcassets in Resources */,
			);
			runOnlyForDeploymentPostprocessing = 0;
		};
		04E063E323A9A9F300B74530 /* Resources */ = {
			isa = PBXResourcesBuildPhase;
			buildActionMask = 2147483647;
			files = (
			);
			runOnlyForDeploymentPostprocessing = 0;
		};
		04E063EE23A9A9F300B74530 /* Resources */ = {
			isa = PBXResourcesBuildPhase;
			buildActionMask = 2147483647;
			files = (
			);
			runOnlyForDeploymentPostprocessing = 0;
		};
/* End PBXResourcesBuildPhase section */

/* Begin PBXSourcesBuildPhase section */
		04E063CB23A9A9F100B74530 /* Sources */ = {
			isa = PBXSourcesBuildPhase;
			buildActionMask = 2147483647;
			files = (
				04E063D323A9A9F100B74530 /* AppDelegate.swift in Sources */,
				04E063D523A9A9F100B74530 /* SceneDelegate.swift in Sources */,
				04E063D723A9A9F100B74530 /* ContentView.swift in Sources */,
			);
			runOnlyForDeploymentPostprocessing = 0;
		};
		04E063E123A9A9F300B74530 /* Sources */ = {
			isa = PBXSourcesBuildPhase;
			buildActionMask = 2147483647;
			files = (
				04E063EA23A9A9F300B74530 /* SwiftUI_WeSplitTests.swift in Sources */,
			);
			runOnlyForDeploymentPostprocessing = 0;
		};
		04E063EC23A9A9F300B74530 /* Sources */ = {
			isa = PBXSourcesBuildPhase;
			buildActionMask = 2147483647;
			files = (
				04E063F523A9A9F300B74530 /* SwiftUI_WeSplitUITests.swift in Sources */,
			);
			runOnlyForDeploymentPostprocessing = 0;
		};
/* End PBXSourcesBuildPhase section */

/* Begin PBXTargetDependency section */
		04E063E723A9A9F300B74530 /* PBXTargetDependency */ = {
			isa = PBXTargetDependency;
			target = 04E063CE23A9A9F100B74530 /* SwiftUI WeSplit */;
			targetProxy = 04E063E623A9A9F300B74530 /* PBXContainerItemProxy */;
		};
		04E063F223A9A9F300B74530 /* PBXTargetDependency */ = {
			isa = PBXTargetDependency;
			target = 04E063CE23A9A9F100B74530 /* SwiftUI WeSplit */;
			targetProxy = 04E063F123A9A9F300B74530 /* PBXContainerItemProxy */;
		};
/* End PBXTargetDependency section */

/* Begin PBXVariantGroup section */
		04E063DD23A9A9F300B74530 /* LaunchScreen.storyboard */ = {
			isa = PBXVariantGroup;
			children = (
				04E063DE23A9A9F300B74530 /* Base */,
			);
			name = LaunchScreen.storyboard;
			sourceTree = "<group>";
		};
/* End PBXVariantGroup section */

/* Begin XCBuildConfiguration section */
		04E063F723A9A9F300B74530 /* Debug */ = {
			isa = XCBuildConfiguration;
			buildSettings = {
				ALWAYS_SEARCH_USER_PATHS = NO;
				CLANG_ANALYZER_NONNULL = YES;
				CLANG_ANALYZER_NUMBER_OBJECT_CONVERSION = YES_AGGRESSIVE;
				CLANG_CXX_LANGUAGE_STANDARD = "gnu++14";
				CLANG_CXX_LIBRARY = "libc++";
				CLANG_ENABLE_MODULES = YES;
				CLANG_ENABLE_OBJC_ARC = YES;
				CLANG_ENABLE_OBJC_WEAK = YES;
				CLANG_WARN_BLOCK_CAPTURE_AUTORELEASING = YES;
				CLANG_WARN_BOOL_CONVERSION = YES;
				CLANG_WARN_COMMA = YES;
				CLANG_WARN_CONSTANT_CONVERSION = YES;
				CLANG_WARN_DEPRECATED_OBJC_IMPLEMENTATIONS = YES;
				CLANG_WARN_DIRECT_OBJC_ISA_USAGE = YES_ERROR;
				CLANG_WARN_DOCUMENTATION_COMMENTS = YES;
				CLANG_WARN_EMPTY_BODY = YES;
				CLANG_WARN_ENUM_CONVERSION = YES;
				CLANG_WARN_INFINITE_RECURSION = YES;
				CLANG_WARN_INT_CONVERSION = YES;
				CLANG_WARN_NON_LITERAL_NULL_CONVERSION = YES;
				CLANG_WARN_OBJC_IMPLICIT_RETAIN_SELF = YES;
				CLANG_WARN_OBJC_LITERAL_CONVERSION = YES;
				CLANG_WARN_OBJC_ROOT_CLASS = YES_ERROR;
				CLANG_WARN_RANGE_LOOP_ANALYSIS = YES;
				CLANG_WARN_STRICT_PROTOTYPES = YES;
				CLANG_WARN_SUSPICIOUS_MOVE = YES;
				CLANG_WARN_UNGUARDED_AVAILABILITY = YES_AGGRESSIVE;
				CLANG_WARN_UNREACHABLE_CODE = YES;
				CLANG_WARN__DUPLICATE_METHOD_MATCH = YES;
				COPY_PHASE_STRIP = NO;
				DEBUG_INFORMATION_FORMAT = dwarf;
				ENABLE_STRICT_OBJC_MSGSEND = YES;
				ENABLE_TESTABILITY = YES;
				GCC_C_LANGUAGE_STANDARD = gnu11;
				GCC_DYNAMIC_NO_PIC = NO;
				GCC_NO_COMMON_BLOCKS = YES;
				GCC_OPTIMIZATION_LEVEL = 0;
				GCC_PREPROCESSOR_DEFINITIONS = (
					"DEBUG=1",
					"$(inherited)",
				);
				GCC_WARN_64_TO_32_BIT_CONVERSION = YES;
				GCC_WARN_ABOUT_RETURN_TYPE = YES_ERROR;
				GCC_WARN_UNDECLARED_SELECTOR = YES;
				GCC_WARN_UNINITIALIZED_AUTOS = YES_AGGRESSIVE;
				GCC_WARN_UNUSED_FUNCTION = YES;
				GCC_WARN_UNUSED_VARIABLE = YES;
				IPHONEOS_DEPLOYMENT_TARGET = 13.2;
				MTL_ENABLE_DEBUG_INFO = INCLUDE_SOURCE;
				MTL_FAST_MATH = YES;
				ONLY_ACTIVE_ARCH = YES;
				SDKROOT = iphoneos;
				SWIFT_ACTIVE_COMPILATION_CONDITIONS = DEBUG;
				SWIFT_OPTIMIZATION_LEVEL = "-Onone";
			};
			name = Debug;
		};
		04E063F823A9A9F300B74530 /* Release */ = {
			isa = XCBuildConfiguration;
			buildSettings = {
				ALWAYS_SEARCH_USER_PATHS = NO;
				CLANG_ANALYZER_NONNULL = YES;
				CLANG_ANALYZER_NUMBER_OBJECT_CONVERSION = YES_AGGRESSIVE;
				CLANG_CXX_LANGUAGE_STANDARD = "gnu++14";
				CLANG_CXX_LIBRARY = "libc++";
				CLANG_ENABLE_MODULES = YES;
				CLANG_ENABLE_OBJC_ARC = YES;
				CLANG_ENABLE_OBJC_WEAK = YES;
				CLANG_WARN_BLOCK_CAPTURE_AUTORELEASING = YES;
				CLANG_WARN_BOOL_CONVERSION = YES;
				CLANG_WARN_COMMA = YES;
				CLANG_WARN_CONSTANT_CONVERSION = YES;
				CLANG_WARN_DEPRECATED_OBJC_IMPLEMENTATIONS = YES;
				CLANG_WARN_DIRECT_OBJC_ISA_USAGE = YES_ERROR;
				CLANG_WARN_DOCUMENTATION_COMMENTS = YES;
				CLANG_WARN_EMPTY_BODY = YES;
				CLANG_WARN_ENUM_CONVERSION = YES;
				CLANG_WARN_INFINITE_RECURSION = YES;
				CLANG_WARN_INT_CONVERSION = YES;
				CLANG_WARN_NON_LITERAL_NULL_CONVERSION = YES;
				CLANG_WARN_OBJC_IMPLICIT_RETAIN_SELF = YES;
				CLANG_WARN_OBJC_LITERAL_CONVERSION = YES;
				CLANG_WARN_OBJC_ROOT_CLASS = YES_ERROR;
				CLANG_WARN_RANGE_LOOP_ANALYSIS = YES;
				CLANG_WARN_STRICT_PROTOTYPES = YES;
				CLANG_WARN_SUSPICIOUS_MOVE = YES;
				CLANG_WARN_UNGUARDED_AVAILABILITY = YES_AGGRESSIVE;
				CLANG_WARN_UNREACHABLE_CODE = YES;
				CLANG_WARN__DUPLICATE_METHOD_MATCH = YES;
				COPY_PHASE_STRIP = NO;
				DEBUG_INFORMATION_FORMAT = "dwarf-with-dsym";
				ENABLE_NS_ASSERTIONS = NO;
				ENABLE_STRICT_OBJC_MSGSEND = YES;
				GCC_C_LANGUAGE_STANDARD = gnu11;
				GCC_NO_COMMON_BLOCKS = YES;
				GCC_WARN_64_TO_32_BIT_CONVERSION = YES;
				GCC_WARN_ABOUT_RETURN_TYPE = YES_ERROR;
				GCC_WARN_UNDECLARED_SELECTOR = YES;
				GCC_WARN_UNINITIALIZED_AUTOS = YES_AGGRESSIVE;
				GCC_WARN_UNUSED_FUNCTION = YES;
				GCC_WARN_UNUSED_VARIABLE = YES;
				IPHONEOS_DEPLOYMENT_TARGET = 13.2;
				MTL_ENABLE_DEBUG_INFO = NO;
				MTL_FAST_MATH = YES;
				SDKROOT = iphoneos;
				SWIFT_COMPILATION_MODE = wholemodule;
				SWIFT_OPTIMIZATION_LEVEL = "-O";
				VALIDATE_PRODUCT = YES;
			};
			name = Release;
		};
		04E063FA23A9A9F300B74530 /* Debug */ = {
			isa = XCBuildConfiguration;
			buildSettings = {
				ASSETCATALOG_COMPILER_APPICON_NAME = AppIcon;
				CODE_SIGN_STYLE = Automatic;
				DEVELOPMENT_ASSET_PATHS = "\"SwiftUI WeSplit/Preview Content\"";
				DEVELOPMENT_TEAM = DWHZ3W52WH;
				ENABLE_PREVIEWS = YES;
				INFOPLIST_FILE = "SwiftUI WeSplit/Info.plist";
				LD_RUNPATH_SEARCH_PATHS = (
					"$(inherited)",
					"@executable_path/Frameworks",
				);
				PRODUCT_BUNDLE_IDENTIFIER = "com.adityastic.SwiftUI-WeSplit";
				PRODUCT_NAME = "$(TARGET_NAME)";
				SWIFT_VERSION = 5.0;
				TARGETED_DEVICE_FAMILY = "1,2";
			};
			name = Debug;
		};
		04E063FB23A9A9F300B74530 /* Release */ = {
			isa = XCBuildConfiguration;
			buildSettings = {
				ASSETCATALOG_COMPILER_APPICON_NAME = AppIcon;
				CODE_SIGN_STYLE = Automatic;
				DEVELOPMENT_ASSET_PATHS = "\"SwiftUI WeSplit/Preview Content\"";
				DEVELOPMENT_TEAM = DWHZ3W52WH;
				ENABLE_PREVIEWS = YES;
				INFOPLIST_FILE = "SwiftUI WeSplit/Info.plist";
				LD_RUNPATH_SEARCH_PATHS = (
					"$(inherited)",
					"@executable_path/Frameworks",
				);
				PRODUCT_BUNDLE_IDENTIFIER = "com.adityastic.SwiftUI-WeSplit";
				PRODUCT_NAME = "$(TARGET_NAME)";
				SWIFT_VERSION = 5.0;
				TARGETED_DEVICE_FAMILY = "1,2";
			};
			name = Release;
		};
		04E063FD23A9A9F300B74530 /* Debug */ = {
			isa = XCBuildConfiguration;
			buildSettings = {
				ALWAYS_EMBED_SWIFT_STANDARD_LIBRARIES = YES;
				BUNDLE_LOADER = "$(TEST_HOST)";
				CODE_SIGN_STYLE = Automatic;
				DEVELOPMENT_TEAM = DWHZ3W52WH;
				INFOPLIST_FILE = "SwiftUI WeSplitTests/Info.plist";
				IPHONEOS_DEPLOYMENT_TARGET = 13.2;
				LD_RUNPATH_SEARCH_PATHS = (
					"$(inherited)",
					"@executable_path/Frameworks",
					"@loader_path/Frameworks",
				);
				PRODUCT_BUNDLE_IDENTIFIER = "com.adityastic.SwiftUI-WeSplitTests";
				PRODUCT_NAME = "$(TARGET_NAME)";
				SWIFT_VERSION = 5.0;
				TARGETED_DEVICE_FAMILY = "1,2";
				TEST_HOST = "$(BUILT_PRODUCTS_DIR)/SwiftUI WeSplit.app/SwiftUI WeSplit";
			};
			name = Debug;
		};
		04E063FE23A9A9F300B74530 /* Release */ = {
			isa = XCBuildConfiguration;
			buildSettings = {
				ALWAYS_EMBED_SWIFT_STANDARD_LIBRARIES = YES;
				BUNDLE_LOADER = "$(TEST_HOST)";
				CODE_SIGN_STYLE = Automatic;
				DEVELOPMENT_TEAM = DWHZ3W52WH;
				INFOPLIST_FILE = "SwiftUI WeSplitTests/Info.plist";
				IPHONEOS_DEPLOYMENT_TARGET = 13.2;
				LD_RUNPATH_SEARCH_PATHS = (
					"$(inherited)",
					"@executable_path/Frameworks",
					"@loader_path/Frameworks",
				);
				PRODUCT_BUNDLE_IDENTIFIER = "com.adityastic.SwiftUI-WeSplitTests";
				PRODUCT_NAME = "$(TARGET_NAME)";
				SWIFT_VERSION = 5.0;
				TARGETED_DEVICE_FAMILY = "1,2";
				TEST_HOST = "$(BUILT_PRODUCTS_DIR)/SwiftUI WeSplit.app/SwiftUI WeSplit";
			};
			name = Release;
		};
		04E0640023A9A9F300B74530 /* Debug */ = {
			isa = XCBuildConfiguration;
			buildSettings = {
				ALWAYS_EMBED_SWIFT_STANDARD_LIBRARIES = YES;
				CODE_SIGN_STYLE = Automatic;
				DEVELOPMENT_TEAM = DWHZ3W52WH;
				INFOPLIST_FILE = "SwiftUI WeSplitUITests/Info.plist";
				LD_RUNPATH_SEARCH_PATHS = (
					"$(inherited)",
					"@executable_path/Frameworks",
					"@loader_path/Frameworks",
				);
				PRODUCT_BUNDLE_IDENTIFIER = "com.adityastic.SwiftUI-WeSplitUITests";
				PRODUCT_NAME = "$(TARGET_NAME)";
				SWIFT_VERSION = 5.0;
				TARGETED_DEVICE_FAMILY = "1,2";
				TEST_TARGET_NAME = "SwiftUI WeSplit";
			};
			name = Debug;
		};
		04E0640123A9A9F300B74530 /* Release */ = {
			isa = XCBuildConfiguration;
			buildSettings = {
				ALWAYS_EMBED_SWIFT_STANDARD_LIBRARIES = YES;
				CODE_SIGN_STYLE = Automatic;
				DEVELOPMENT_TEAM = DWHZ3W52WH;
				INFOPLIST_FILE = "SwiftUI WeSplitUITests/Info.plist";
				LD_RUNPATH_SEARCH_PATHS = (
					"$(inherited)",
					"@executable_path/Frameworks",
					"@loader_path/Frameworks",
				);
				PRODUCT_BUNDLE_IDENTIFIER = "com.adityastic.SwiftUI-WeSplitUITests";
				PRODUCT_NAME = "$(TARGET_NAME)";
				SWIFT_VERSION = 5.0;
				TARGETED_DEVICE_FAMILY = "1,2";
				TEST_TARGET_NAME = "SwiftUI WeSplit";
			};
			name = Release;
		};
/* End XCBuildConfiguration section */

/* Begin XCConfigurationList section */
		04E063CA23A9A9F100B74530 /* Build configuration list for PBXProject "SwiftUI WeSplit" */ = {
			isa = XCConfigurationList;
			buildConfigurations = (
				04E063F723A9A9F300B74530 /* Debug */,
				04E063F823A9A9F300B74530 /* Release */,
			);
			defaultConfigurationIsVisible = 0;
			defaultConfigurationName = Release;
		};
		04E063F923A9A9F300B74530 /* Build configuration list for PBXNativeTarget "SwiftUI WeSplit" */ = {
			isa = XCConfigurationList;
			buildConfigurations = (
				04E063FA23A9A9F300B74530 /* Debug */,
				04E063FB23A9A9F300B74530 /* Release */,
			);
			defaultConfigurationIsVisible = 0;
			defaultConfigurationName = Release;
		};
		04E063FC23A9A9F300B74530 /* Build configuration list for PBXNativeTarget "SwiftUI WeSplitTests" */ = {
			isa = XCConfigurationList;
			buildConfigurations = (
				04E063FD23A9A9F300B74530 /* Debug */,
				04E063FE23A9A9F300B74530 /* Release */,
			);
			defaultConfigurationIsVisible = 0;
			defaultConfigurationName = Release;
		};
		04E063FF23A9A9F300B74530 /* Build configuration list for PBXNativeTarget "SwiftUI WeSplitUITests" */ = {
			isa = XCConfigurationList;
			buildConfigurations = (
				04E0640023A9A9F300B74530 /* Debug */,
				04E0640123A9A9F300B74530 /* Release */,
			);
			defaultConfigurationIsVisible = 0;
			defaultConfigurationName = Release;
		};
/* End XCConfigurationList section */
	};
	rootObject = 04E063C723A9A9F100B74530 /* Project object */;
}
